<Solution>
  <Project Path="Unity.InputSystem.csproj" />
  <Project Path="Unity.2D.Aseprite.Editor.csproj" />
  <Project Path="Unity.Services.Core.Internal.csproj" />
  <Project Path="Assembly-CSharp.csproj" />
  <Project Path="Unity.Mathematics.csproj" />
  <Project Path="Unity.Multiplayer.Center.Editor.csproj" />
  <Project Path="Unity.2D.Common.Path.Editor.csproj" />
  <Project Path="UnityEngine.UI.csproj" />
  <Project Path="UnityEditor.TestRunner.csproj" />
  <Project Path="UnityEngine.TestRunner.csproj" />
  <Project Path="Unity.Burst.csproj" />
  <Project Path="Unity.Services.Core.Environments.Editor.csproj" />
  <Project Path="Unity.AI.Navigation.Editor.csproj" />
  <Project Path="Unity.Services.Analytics.csproj" />
  <Project Path="Unity.VisualStudio.Editor.csproj" />
  <Project Path="Unity.TextMeshPro.Editor.csproj" />
  <Project Path="Unity.InternalAPIEditorBridge.001.csproj" />
  <Project Path="Unity.Services.Core.Configuration.csproj" />
  <Project Path="Unity.AI.Navigation.Editor.ConversionSystem.csproj" />
  <Project Path="ScriptablePacker.csproj" />
  <Project Path="Unity.Services.Core.Editor.csproj" />
  <Project Path="Unity.Burst.CodeGen.csproj" />
  <Project Path="Unity.Services.Core.Configuration.Editor.csproj" />
  <Project Path="Unity.Services.Core.csproj" />
  <Project Path="Unity.AI.Navigation.csproj" />
  <Project Path="UnityEditor.UI.csproj" />
  <Project Path="Unity.TextMeshPro.csproj" />
  <Project Path="Unity.Services.Analytics.Editor.csproj" />
  <Project Path="Unity.InternalAPIEngineBridge.001.csproj" />
  <Project Path="Unity.2D.Aseprite.Common.csproj" />
  <Project Path="Unity.Burst.Editor.csproj" />
  <Project Path="Unity.2D.Common.Editor.csproj" />
  <Project Path="Unity.AI.Navigation.Updater.csproj" />
  <Project Path="Unity.2D.PixelPerfect.csproj" />
  <Project Path="Unity.2D.PixelPerfect.Editor.csproj" />
  <Project Path="Unity.InputSystem.DocCodeSamples.csproj" />
  <Project Path="Unity.2D.Common.Runtime.csproj" />
  <Project Path="Unity.2D.Sprite.Editor.csproj" />
  <Project Path="Unity.Services.Core.Analytics.csproj" />
  <Project Path="Unity.Multiplayer.Center.Common.csproj" />
  <Project Path="Unity.Services.Core.Environments.Internal.csproj" />
  <Project Path="Unity.InputSystem.ForUI.csproj" />
  <Project Path="Unity.Services.Core.Networking.csproj" />
  <Project Path="Unity.Services.Core.Scheduler.csproj" />
  <Project Path="Unity.Mathematics.Editor.csproj" />
  <Project Path="Unity.Services.Core.Telemetry.csproj" />
  <Project Path="Unity.Services.Core.Components.csproj" />
  <Project Path="Unity.Services.Core.Threading.csproj" />
  <Project Path="Unity.InputSystem.TestFramework.csproj" />
  <Project Path="Assembly-CSharp-Editor.csproj" />
  <Project Path="Unity.Services.Core.Device.csproj" />
  <Project Path="Unity.Services.Core.Registration.csproj" />
  <Project Path="Assembly-CSharp-firstpass.csproj" />
  <Project Path="Unity.Services.Core.Environments.csproj" />
  <Project Path="Sirenix.OdinInspector.Modules.UnityMathematics.csproj" />
</Solution>
